
Microsoft Visual Studio Solution File, Format Version 12.00
# Visual Studio Version 17
VisualStudioVersion = 17.5.33424.131
MinimumVisualStudioVersion = 10.0.40219.1
Project("{FAE04EC0-301F-11D3-BF4B-00C04F79EFBC}") = "bytebank", "ByteBank\bytebank.csproj", "{775AABEA-2EA1-4747-BF3E-534B9AB42808}"
EndProject
Global
	GlobalSection(SolutionConfigurationPlatforms) = preSolution
		Debug|Any CPU = Debug|Any CPU
		Release|Any CPU = Release|Any CPU
	EndGlobalSection
	GlobalSection(ProjectConfigurationPlatforms) = postSolution
		{775AABEA-2EA1-4747-BF3E-534B9AB42808}.Debug|Any CPU.ActiveCfg = Debug|Any CPU
		{775AABEA-2EA1-4747-BF3E-534B9AB42808}.Debug|Any CPU.Build.0 = Debug|Any CPU
		{775AABEA-2EA1-4747-BF3E-534B9AB42808}.Release|Any CPU.ActiveCfg = Release|Any CPU
		{775AABEA-2EA1-4747-BF3E-534B9AB42808}.Release|Any CPU.Build.0 = Release|Any CPU
	EndGlobalSection
	GlobalSection(SolutionProperties) = preSolution
		HideSolutionNode = FALSE
	EndGlobalSection
	GlobalSection(ExtensibilityGlobals) = postSolution
		SolutionGuid = {9A9F399C-D3EC-4F61-91D2-86EAEE775A51}
	EndGlobalSection
EndGlobal
